// !$*UTF8*$!
{
	archiveVersion = 1;
	classes = {
	};
	objectVersion = 46;
	objects = {

/* Begin PBXBuildFile section */
		30BBAE6DA0CA940D309D3362 /* Pods_rain_or_shine.framework in Frameworks */ = {isa = PBXBuildFile; fileRef = 3EB773CF2BF4F5542F657AAE /* Pods_rain_or_shine.framework */; };
		7D9E4DB41DB82BFF0008DB8C /* WeatherCell.swift in Sources */ = {isa = PBXBuildFile; fileRef = 7D9E4DB31DB82BFF0008DB8C /* WeatherCell.swift */; };
		7DD086281DB817C0002D3E28 /* AppDelegate.swift in Sources */ = {isa = PBXBuildFile; fileRef = 7DD086271DB817C0002D3E28 /* AppDelegate.swift */; };
		7DD0862A1DB817C0002D3E28 /* WeatherVC.swift in Sources */ = {isa = PBXBuildFile; fileRef = 7DD086291DB817C0002D3E28 /* WeatherVC.swift */; };
		7DD0862D1DB817C0002D3E28 /* Main.storyboard in Resources */ = {isa = PBXBuildFile; fileRef = 7DD0862B1DB817C0002D3E28 /* Main.storyboard */; };
		7DD0862F1DB817C0002D3E28 /* Assets.xcassets in Resources */ = {isa = PBXBuildFile; fileRef = 7DD0862E1DB817C0002D3E28 /* Assets.xcassets */; };
		7DD086321DB817C0002D3E28 /* LaunchScreen.storyboard in Resources */ = {isa = PBXBuildFile; fileRef = 7DD086301DB817C0002D3E28 /* LaunchScreen.storyboard */; };
/* End PBXBuildFile section */

/* Begin PBXFileReference section */
		056BE521C3CF5819876D2942 /* Pods-rain-or-shine.debug.xcconfig */ = {isa = PBXFileReference; includeInIndex = 1; lastKnownFileType = text.xcconfig; name = "Pods-rain-or-shine.debug.xcconfig"; path = "Pods/Target Support Files/Pods-rain-or-shine/Pods-rain-or-shine.debug.xcconfig"; sourceTree = "<group>"; };
		3EB773CF2BF4F5542F657AAE /* Pods_rain_or_shine.framework */ = {isa = PBXFileReference; explicitFileType = wrapper.framework; includeInIndex = 0; path = Pods_rain_or_shine.framework; sourceTree = BUILT_PRODUCTS_DIR; };
		7D9E4DB31DB82BFF0008DB8C /* WeatherCell.swift */ = {isa = PBXFileReference; fileEncoding = 4; lastKnownFileType = sourcecode.swift; path = WeatherCell.swift; sourceTree = "<group>"; };
		7DD086241DB817C0002D3E28 /* rain-or-shine.app */ = {isa = PBXFileReference; explicitFileType = wrapper.application; includeInIndex = 0; path = "rain-or-shine.app"; sourceTree = BUILT_PRODUCTS_DIR; };
		7DD086271DB817C0002D3E28 /* AppDelegate.swift */ = {isa = PBXFileReference; lastKnownFileType = sourcecode.swift; path = AppDelegate.swift; sourceTree = "<group>"; };
		7DD086291DB817C0002D3E28 /* WeatherVC.swift */ = {isa = PBXFileReference; lastKnownFileType = sourcecode.swift; path = WeatherVC.swift; sourceTree = "<group>"; };
		7DD0862C1DB817C0002D3E28 /* Base */ = {isa = PBXFileReference; lastKnownFileType = file.storyboard; name = Base; path = Base.lproj/Main.storyboard; sourceTree = "<group>"; };
		7DD0862E1DB817C0002D3E28 /* Assets.xcassets */ = {isa = PBXFileReference; lastKnownFileType = folder.assetcatalog; path = Assets.xcassets; sourceTree = "<group>"; };
		7DD086311DB817C0002D3E28 /* Base */ = {isa = PBXFileReference; lastKnownFileType = file.storyboard; name = Base; path = Base.lproj/LaunchScreen.storyboard; sourceTree = "<group>"; };
		7DD086331DB817C0002D3E28 /* Info.plist */ = {isa = PBXFileReference; lastKnownFileType = text.plist.xml; path = Info.plist; sourceTree = "<group>"; };
		FAE6857C9C0A7C643B60528D /* Pods-rain-or-shine.release.xcconfig */ = {isa = PBXFileReference; includeInIndex = 1; lastKnownFileType = text.xcconfig; name = "Pods-rain-or-shine.release.xcconfig"; path = "Pods/Target Support Files/Pods-rain-or-shine/Pods-rain-or-shine.release.xcconfig"; sourceTree = "<group>"; };
/* End PBXFileReference section */

/* Begin PBXFrameworksBuildPhase section */
		7DD086211DB817C0002D3E28 /* Frameworks */ = {
			isa = PBXFrameworksBuildPhase;
			buildActionMask = 2147483647;
			files = (
				30BBAE6DA0CA940D309D3362 /* Pods_rain_or_shine.framework in Frameworks */,
			);
			runOnlyForDeploymentPostprocessing = 0;
		};
/* End PBXFrameworksBuildPhase section */

/* Begin PBXGroup section */
		0F3590C775ECF1DF1CEFBB40 /* Pods */ = {
			isa = PBXGroup;
			children = (
				056BE521C3CF5819876D2942 /* Pods-rain-or-shine.debug.xcconfig */,
				FAE6857C9C0A7C643B60528D /* Pods-rain-or-shine.release.xcconfig */,
			);
			name = Pods;
			sourceTree = "<group>";
		};
		7D9E4DB01DB82BCC0008DB8C /* Model */ = {
			isa = PBXGroup;
			children = (
			);
			name = Model;
			sourceTree = "<group>";
		};
		7D9E4DB11DB82BCE0008DB8C /* Controller */ = {
			isa = PBXGroup;
			children = (
				7DD086291DB817C0002D3E28 /* WeatherVC.swift */,
			);
			name = Controller;
			sourceTree = "<group>";
		};
		7D9E4DB21DB82BCE0008DB8C /* View */ = {
			isa = PBXGroup;
			children = (
				7D9E4DB31DB82BFF0008DB8C /* WeatherCell.swift */,
			);
			name = View;
			sourceTree = "<group>";
		};
		7DD0861B1DB817C0002D3E28 = {
			isa = PBXGroup;
			children = (
				7DD086261DB817C0002D3E28 /* rain-or-shine */,
				7DD086251DB817C0002D3E28 /* Products */,
				0F3590C775ECF1DF1CEFBB40 /* Pods */,
				8DC7F698BEB097E779936AD5 /* Frameworks */,
			);
			sourceTree = "<group>";
		};
		7DD086251DB817C0002D3E28 /* Products */ = {
			isa = PBXGroup;
			children = (
				7DD086241DB817C0002D3E28 /* rain-or-shine.app */,
			);
			name = Products;
			sourceTree = "<group>";
		};
		7DD086261DB817C0002D3E28 /* rain-or-shine */ = {
			isa = PBXGroup;
			children = (
				7D9E4DB01DB82BCC0008DB8C /* Model */,
				7D9E4DB21DB82BCE0008DB8C /* View */,
				7D9E4DB11DB82BCE0008DB8C /* Controller */,
				7DD086271DB817C0002D3E28 /* AppDelegate.swift */,
				7DD0862B1DB817C0002D3E28 /* Main.storyboard */,
				7DD0862E1DB817C0002D3E28 /* Assets.xcassets */,
				7DD086301DB817C0002D3E28 /* LaunchScreen.storyboard */,
				7DD086331DB817C0002D3E28 /* Info.plist */,
			);
			path = "rain-or-shine";
			sourceTree = "<group>";
		};
		8DC7F698BEB097E779936AD5 /* Frameworks */ = {
			isa = PBXGroup;
			children = (
				3EB773CF2BF4F5542F657AAE /* Pods_rain_or_shine.framework */,
			);
			name = Frameworks;
			sourceTree = "<group>";
		};
/* End PBXGroup section */

/* Begin PBXNativeTarget section */
		7DD086231DB817C0002D3E28 /* rain-or-shine */ = {
			isa = PBXNativeTarget;
			buildConfigurationList = 7DD086361DB817C0002D3E28 /* Build configuration list for PBXNativeTarget "rain-or-shine" */;
			buildPhases = (
				CA208A77A7EFDD6D4585441E /* [CP] Check Pods Manifest.lock */,
				7DD086201DB817C0002D3E28 /* Sources */,
				7DD086211DB817C0002D3E28 /* Frameworks */,
				7DD086221DB817C0002D3E28 /* Resources */,
				29F4D59C24CEF24037D414CE /* [CP] Embed Pods Frameworks */,
				0CF37C6095A9FF587DF6F74A /* [CP] Copy Pods Resources */,
			);
			buildRules = (
			);
			dependencies = (
			);
			name = "rain-or-shine";
			productName = "rain-or-shine";
			productReference = 7DD086241DB817C0002D3E28 /* rain-or-shine.app */;
			productType = "com.apple.product-type.application";
		};
/* End PBXNativeTarget section */

/* Begin PBXProject section */
		7DD0861C1DB817C0002D3E28 /* Project object */ = {
			isa = PBXProject;
			attributes = {
				LastSwiftUpdateCheck = 0800;
				LastUpgradeCheck = 0800;
				ORGANIZATIONNAME = "Jason Ngo";
				TargetAttributes = {
					7DD086231DB817C0002D3E28 = {
						CreatedOnToolsVersion = 8.0;
						DevelopmentTeam = 3TDSAUM76X;
						ProvisioningStyle = Automatic;
					};
				};
			};
			buildConfigurationList = 7DD0861F1DB817C0002D3E28 /* Build configuration list for PBXProject "rain-or-shine" */;
			compatibilityVersion = "Xcode 3.2";
			developmentRegion = English;
			hasScannedForEncodings = 0;
			knownRegions = (
				en,
				Base,
			);
			mainGroup = 7DD0861B1DB817C0002D3E28;
			productRefGroup = 7DD086251DB817C0002D3E28 /* Products */;
			projectDirPath = "";
			projectRoot = "";
			targets = (
				7DD086231DB817C0002D3E28 /* rain-or-shine */,
			);
		};
/* End PBXProject section */

/* Begin PBXResourcesBuildPhase section */
		7DD086221DB817C0002D3E28 /* Resources */ = {
			isa = PBXResourcesBuildPhase;
			buildActionMask = 2147483647;
			files = (
				7DD086321DB817C0002D3E28 /* LaunchScreen.storyboard in Resources */,
				7DD0862F1DB817C0002D3E28 /* Assets.xcassets in Resources */,
				7DD0862D1DB817C0002D3E28 /* Main.storyboard in Resources */,
			);
			runOnlyForDeploymentPostprocessing = 0;
		};
/* End PBXResourcesBuildPhase section */

/* Begin PBXShellScriptBuildPhase section */
		0CF37C6095A9FF587DF6F74A /* [CP] Copy Pods Resources */ = {
			isa = PBXShellScriptBuildPhase;
			buildActionMask = 2147483647;
			files = (
			);
			inputPaths = (
			);
			name = "[CP] Copy Pods Resources";
			outputPaths = (
			);
			runOnlyForDeploymentPostprocessing = 0;
			shellPath = /bin/sh;
			shellScript = "\"${SRCROOT}/Pods/Target Support Files/Pods-rain-or-shine/Pods-rain-or-shine-resources.sh\"\n";
			showEnvVarsInLog = 0;
		};
		29F4D59C24CEF24037D414CE /* [CP] Embed Pods Frameworks */ = {
			isa = PBXShellScriptBuildPhase;
			buildActionMask = 2147483647;
			files = (
			);
			inputPaths = (
			);
			name = "[CP] Embed Pods Frameworks";
			outputPaths = (
			);
			runOnlyForDeploymentPostprocessing = 0;
			shellPath = /bin/sh;
			shellScript = "\"${SRCROOT}/Pods/Target Support Files/Pods-rain-or-shine/Pods-rain-or-shine-frameworks.sh\"\n";
			showEnvVarsInLog = 0;
		};
		CA208A77A7EFDD6D4585441E /* [CP] Check Pods Manifest.lock */ = {
			isa = PBXShellScriptBuildPhase;
			buildActionMask = 2147483647;
			files = (
			);
			inputPaths = (
			);
			name = "[CP] Check Pods Manifest.lock";
			outputPaths = (
			);
			runOnlyForDeploymentPostprocessing = 0;
			shellPath = /bin/sh;
			shellScript = "diff \"${PODS_ROOT}/../Podfile.lock\" \"${PODS_ROOT}/Manifest.lock\" > /dev/null\nif [ $? != 0 ] ; then\n    # print error to STDERR\n    echo \"error: The sandbox is not in sync with the Podfile.lock. Run 'pod install' or update your CocoaPods installation.\" >&2\n    exit 1\nfi\n";
			showEnvVarsInLog = 0;
		};
/* End PBXShellScriptBuildPhase section */

/* Begin PBXSourcesBuildPhase section */
		7DD086201DB817C0002D3E28 /* Sources */ = {
			isa = PBXSourcesBuildPhase;
			buildActionMask = 2147483647;
			files = (
				7DD0862A1DB817C0002D3E28 /* WeatherVC.swift in Sources */,
				7DD086281DB817C0002D3E28 /* AppDelegate.swift in Sources */,
				7D9E4DB41DB82BFF0008DB8C /* WeatherCell.swift in Sources */,
			);
			runOnlyForDeploymentPostprocessing = 0;
		};
/* End PBXSourcesBuildPhase section */

/* Begin PBXVariantGroup section */
		7DD0862B1DB817C0002D3E28 /* Main.storyboard */ = {
			isa = PBXVariantGroup;
			children = (
				7DD0862C1DB817C0002D3E28 /* Base */,
			);
			name = Main.storyboard;
			sourceTree = "<group>";
		};
		7DD086301DB817C0002D3E28 /* LaunchScreen.storyboard */ = {
			isa = PBXVariantGroup;
			children = (
				7DD086311DB817C0002D3E28 /* Base */,
			);
			name = LaunchScreen.storyboard;
			sourceTree = "<group>";
		};
/* End PBXVariantGroup section */

/* Begin XCBuildConfiguration section */
		7DD086341DB817C0002D3E28 /* Debug */ = {
			isa = XCBuildConfiguration;
			buildSettings = {
				ALWAYS_SEARCH_USER_PATHS = NO;
				CLANG_ANALYZER_NONNULL = YES;
				CLANG_CXX_LANGUAGE_STANDARD = "gnu++0x";
				CLANG_CXX_LIBRARY = "libc++";
				CLANG_ENABLE_MODULES = YES;
				CLANG_ENABLE_OBJC_ARC = YES;
				CLANG_WARN_BOOL_CONVERSION = YES;
				CLANG_WARN_CONSTANT_CONVERSION = YES;
				CLANG_WARN_DIRECT_OBJC_ISA_USAGE = YES_ERROR;
				CLANG_WARN_DOCUMENTATION_COMMENTS = YES;
				CLANG_WARN_EMPTY_BODY = YES;
				CLANG_WARN_ENUM_CONVERSION = YES;
				CLANG_WARN_INFINITE_RECURSION = YES;
				CLANG_WARN_INT_CONVERSION = YES;
				CLANG_WARN_OBJC_ROOT_CLASS = YES_ERROR;
				CLANG_WARN_SUSPICIOUS_MOVES = YES;
				CLANG_WARN_UNREACHABLE_CODE = YES;
				CLANG_WARN__DUPLICATE_METHOD_MATCH = YES;
				"CODE_SIGN_IDENTITY[sdk=iphoneos*]" = "iPhone Developer";
				COPY_PHASE_STRIP = NO;
				DEBUG_INFORMATION_FORMAT = dwarf;
				ENABLE_STRICT_OBJC_MSGSEND = YES;
				ENABLE_TESTABILITY = YES;
				GCC_C_LANGUAGE_STANDARD = gnu99;
				GCC_DYNAMIC_NO_PIC = NO;
				GCC_NO_COMMON_BLOCKS = YES;
				GCC_OPTIMIZATION_LEVEL = 0;
				GCC_PREPROCESSOR_DEFINITIONS = (
					"DEBUG=1",
					"$(inherited)",
				);
				GCC_WARN_64_TO_32_BIT_CONVERSION = YES;
				GCC_WARN_ABOUT_RETURN_TYPE = YES_ERROR;
				GCC_WARN_UNDECLARED_SELECTOR = YES;
				GCC_WARN_UNINITIALIZED_AUTOS = YES_AGGRESSIVE;
				GCC_WARN_UNUSED_FUNCTION = YES;
				GCC_WARN_UNUSED_VARIABLE = YES;
				IPHONEOS_DEPLOYMENT_TARGET = 10.0;
				MTL_ENABLE_DEBUG_INFO = YES;
				ONLY_ACTIVE_ARCH = YES;
				SDKROOT = iphoneos;
				SWIFT_ACTIVE_COMPILATION_CONDITIONS = DEBUG;
				SWIFT_OPTIMIZATION_LEVEL = "-Onone";
			};
			name = Debug;
		};
		7DD086351DB817C0002D3E28 /* Release */ = {
			isa = XCBuildConfiguration;
			buildSettings = {
				ALWAYS_SEARCH_USER_PATHS = NO;
				CLANG_ANALYZER_NONNULL = YES;
				CLANG_CXX_LANGUAGE_STANDARD = "gnu++0x";
				CLANG_CXX_LIBRARY = "libc++";
				CLANG_ENABLE_MODULES = YES;
				CLANG_ENABLE_OBJC_ARC = YES;
				CLANG_WARN_BOOL_CONVERSION = YES;
				CLANG_WARN_CONSTANT_CONVERSION = YES;
				CLANG_WARN_DIRECT_OBJC_ISA_USAGE = YES_ERROR;
				CLANG_WARN_DOCUMENTATION_COMMENTS = YES;
				CLANG_WARN_EMPTY_BODY = YES;
				CLANG_WARN_ENUM_CONVERSION = YES;
				CLANG_WARN_INFINITE_RECURSION = YES;
				CLANG_WARN_INT_CONVERSION = YES;
				CLANG_WARN_OBJC_ROOT_CLASS = YES_ERROR;
				CLANG_WARN_SUSPICIOUS_MOVES = YES;
				CLANG_WARN_UNREACHABLE_CODE = YES;
				CLANG_WARN__DUPLICATE_METHOD_MATCH = YES;
				"CODE_SIGN_IDENTITY[sdk=iphoneos*]" = "iPhone Developer";
				COPY_PHASE_STRIP = NO;
				DEBUG_INFORMATION_FORMAT = "dwarf-with-dsym";
				ENABLE_NS_ASSERTIONS = NO;
				ENABLE_STRICT_OBJC_MSGSEND = YES;
				GCC_C_LANGUAGE_STANDARD = gnu99;
				GCC_NO_COMMON_BLOCKS = YES;
				GCC_WARN_64_TO_32_BIT_CONVERSION = YES;
				GCC_WARN_ABOUT_RETURN_TYPE = YES_ERROR;
				GCC_WARN_UNDECLARED_SELECTOR = YES;
				GCC_WARN_UNINITIALIZED_AUTOS = YES_AGGRESSIVE;
				GCC_WARN_UNUSED_FUNCTION = YES;
				GCC_WARN_UNUSED_VARIABLE = YES;
				IPHONEOS_DEPLOYMENT_TARGET = 10.0;
				MTL_ENABLE_DEBUG_INFO = NO;
				SDKROOT = iphoneos;
				SWIFT_OPTIMIZATION_LEVEL = "-Owholemodule";
				VALIDATE_PRODUCT = YES;
			};
			name = Release;
		};
		7DD086371DB817C0002D3E28 /* Debug */ = {
			isa = XCBuildConfiguration;
			baseConfigurationReference = 056BE521C3CF5819876D2942 /* Pods-rain-or-shine.debug.xcconfig */;
			buildSettings = {
				ASSETCATALOG_COMPILER_APPICON_NAME = AppIcon;
				DEVELOPMENT_TEAM = 3TDSAUM76X;
				INFOPLIST_FILE = "rain-or-shine/Info.plist";
				LD_RUNPATH_SEARCH_PATHS = "$(inherited) @executable_path/Frameworks";
				PRODUCT_BUNDLE_IDENTIFIER = "ngo.jason.rain-or-shine";
				PRODUCT_NAME = "$(TARGET_NAME)";
				SWIFT_VERSION = 3.0;
			};
			name = Debug;
		};
		7DD086381DB817C0002D3E28 /* Release */ = {
			isa = XCBuildConfiguration;
			baseConfigurationReference = FAE6857C9C0A7C643B60528D /* Pods-rain-or-shine.release.xcconfig */;
			buildSettings = {
				ASSETCATALOG_COMPILER_APPICON_NAME = AppIcon;
				DEVELOPMENT_TEAM = 3TDSAUM76X;
				INFOPLIST_FILE = "rain-or-shine/Info.plist";
				LD_RUNPATH_SEARCH_PATHS = "$(inherited) @executable_path/Frameworks";
				PRODUCT_BUNDLE_IDENTIFIER = "ngo.jason.rain-or-shine";
				PRODUCT_NAME = "$(TARGET_NAME)";
				SWIFT_VERSION = 3.0;
			};
			name = Release;
		};
/* End XCBuildConfiguration section */

/* Begin XCConfigurationList section */
		7DD0861F1DB817C0002D3E28 /* Build configuration list for PBXProject "rain-or-shine" */ = {
			isa = XCConfigurationList;
			buildConfigurations = (
				7DD086341DB817C0002D3E28 /* Debug */,
				7DD086351DB817C0002D3E28 /* Release */,
			);
			defaultConfigurationIsVisible = 0;
			defaultConfigurationName = Release;
		};
		7DD086361DB817C0002D3E28 /* Build configuration list for PBXNativeTarget "rain-or-shine" */ = {
			isa = XCConfigurationList;
			buildConfigurations = (
				7DD086371DB817C0002D3E28 /* Debug */,
				7DD086381DB817C0002D3E28 /* Release */,
			);
			defaultConfigurationIsVisible = 0;
			defaultConfigurationName = Release;
		};
/* End XCConfigurationList section */
	};
	rootObject = 7DD0861C1DB817C0002D3E28 /* Project object */;
}
